// !$*UTF8*$!
{
	archiveVersion = 1;
	classes = {
	};
	objectVersion = 50;
	objects = {

/* Begin PBXBuildFile section */
		35182CA920FC065F009202A0 /* WheelTests.swift in Sources */ = {isa = PBXBuildFile; fileRef = 35EC094C20FBEFA90096CCC8 /* WheelTests.swift */; };
		35182CAE20FC1630009202A0 /* Particle.swift in Sources */ = {isa = PBXBuildFile; fileRef = 35182CAD20FC1630009202A0 /* Particle.swift */; };
		35182CB42103C390009202A0 /* ArrayExtension.swift in Sources */ = {isa = PBXBuildFile; fileRef = 35182CB32103C390009202A0 /* ArrayExtension.swift */; };
		35182CBC2103D808009202A0 /* GameSceneViewController.swift in Sources */ = {isa = PBXBuildFile; fileRef = 35182CBB2103D808009202A0 /* GameSceneViewController.swift */; };
		35182CC32103F517009202A0 /* JSONProtocol.swift in Sources */ = {isa = PBXBuildFile; fileRef = 35182CC22103F517009202A0 /* JSONProtocol.swift */; };
		35182CC52103F723009202A0 /* ColorExtension.swift in Sources */ = {isa = PBXBuildFile; fileRef = 35182CC42103F723009202A0 /* ColorExtension.swift */; };
		35182CC82104C5B0009202A0 /* FileReader.swift in Sources */ = {isa = PBXBuildFile; fileRef = 35182CC72104C5B0009202A0 /* FileReader.swift */; };
		35182CCB2104C70E009202A0 /* level1.json in Resources */ = {isa = PBXBuildFile; fileRef = 35182CCA2104C70E009202A0 /* level1.json */; };
		35182CCD2104E286009202A0 /* Level.swift in Sources */ = {isa = PBXBuildFile; fileRef = 35182CCC2104E286009202A0 /* Level.swift */; };
		35182CD321054B50009202A0 /* ParticleTests.swift in Sources */ = {isa = PBXBuildFile; fileRef = 35182CD221054B50009202A0 /* ParticleTests.swift */; };
		35182CD521054CD7009202A0 /* LevelTests.swift in Sources */ = {isa = PBXBuildFile; fileRef = 35182CD421054CD7009202A0 /* LevelTests.swift */; };
		35182CE5210C9592009202A0 /* ColorExtensionTests.swift in Sources */ = {isa = PBXBuildFile; fileRef = 35182CE4210C9592009202A0 /* ColorExtensionTests.swift */; };
		35182CE7210C99A8009202A0 /* ParseError.swift in Sources */ = {isa = PBXBuildFile; fileRef = 35182CE6210C99A8009202A0 /* ParseError.swift */; };
		35182CE9210C9DBE009202A0 /* ArrayExtensionTests.swift in Sources */ = {isa = PBXBuildFile; fileRef = 35182CE8210C9DBE009202A0 /* ArrayExtensionTests.swift */; };
		35182CEB210C9FD5009202A0 /* JSONProtocolTests.swift in Sources */ = {isa = PBXBuildFile; fileRef = 35182CEA210C9FD5009202A0 /* JSONProtocolTests.swift */; };
		35182CFB210CC80C009202A0 /* GameSceneTests.swift in Sources */ = {isa = PBXBuildFile; fileRef = 35182CFA210CC80C009202A0 /* GameSceneTests.swift */; };
		35182CFD210CCDAB009202A0 /* TestHelper.swift in Sources */ = {isa = PBXBuildFile; fileRef = 35182CFC210CCDAB009202A0 /* TestHelper.swift */; };
		35182CFE210CCDAB009202A0 /* TestHelper.swift in Sources */ = {isa = PBXBuildFile; fileRef = 35182CFC210CCDAB009202A0 /* TestHelper.swift */; };
		35182CFF210CCDAB009202A0 /* TestHelper.swift in Sources */ = {isa = PBXBuildFile; fileRef = 35182CFC210CCDAB009202A0 /* TestHelper.swift */; };
		35182D07210CD280009202A0 /* level.json in Resources */ = {isa = PBXBuildFile; fileRef = 35182D06210CD280009202A0 /* level.json */; };
		35EC08AD20FAA5D60096CCC8 /* AppDelegate.swift in Sources */ = {isa = PBXBuildFile; fileRef = 35EC08AC20FAA5D60096CCC8 /* AppDelegate.swift */; };
		35EC08B320FAA5D60096CCC8 /* GameScene.swift in Sources */ = {isa = PBXBuildFile; fileRef = 35EC08B220FAA5D60096CCC8 /* GameScene.swift */; };
		35EC08B820FAA5D70096CCC8 /* Main.storyboard in Resources */ = {isa = PBXBuildFile; fileRef = 35EC08B620FAA5D70096CCC8 /* Main.storyboard */; };
		35EC08BA20FAA5D80096CCC8 /* Assets.xcassets in Resources */ = {isa = PBXBuildFile; fileRef = 35EC08B920FAA5D80096CCC8 /* Assets.xcassets */; };
		35EC08BD20FAA5D80096CCC8 /* LaunchScreen.storyboard in Resources */ = {isa = PBXBuildFile; fileRef = 35EC08BB20FAA5D80096CCC8 /* LaunchScreen.storyboard */; };
		35EC08E820FBE0350096CCC8 /* Wheel.swift in Sources */ = {isa = PBXBuildFile; fileRef = 35EC08E720FBE0350096CCC8 /* Wheel.swift */; };
		35EC08F020FBE8180096CCC8 /* GameScene.sks in Resources */ = {isa = PBXBuildFile; fileRef = 35EC08EF20FBE8180096CCC8 /* GameScene.sks */; };
/* End PBXBuildFile section */

/* Begin PBXContainerItemProxy section */
		35182CDF210954F6009202A0 /* PBXContainerItemProxy */ = {
			isa = PBXContainerItemProxy;
			containerPortal = 35EC08A120FAA5D60096CCC8 /* Project object */;
			proxyType = 1;
			remoteGlobalIDString = 35EC08A820FAA5D60096CCC8;
			remoteInfo = Colorspin;
		};
		35182CF5210CA6F0009202A0 /* PBXContainerItemProxy */ = {
			isa = PBXContainerItemProxy;
			containerPortal = 35EC08A120FAA5D60096CCC8 /* Project object */;
			proxyType = 1;
			remoteGlobalIDString = 35EC08A820FAA5D60096CCC8;
			remoteInfo = Colorspin;
		};
		35EC09AB20FC05320096CCC8 /* PBXContainerItemProxy */ = {
			isa = PBXContainerItemProxy;
			containerPortal = 35EC08A120FAA5D60096CCC8 /* Project object */;
			proxyType = 1;
			remoteGlobalIDString = 35EC08A820FAA5D60096CCC8;
			remoteInfo = Colorspin;
		};
/* End PBXContainerItemProxy section */

/* Begin PBXFileReference section */
		35182CAD20FC1630009202A0 /* Particle.swift */ = {isa = PBXFileReference; lastKnownFileType = sourcecode.swift; path = Particle.swift; sourceTree = "<group>"; };
		35182CB32103C390009202A0 /* ArrayExtension.swift */ = {isa = PBXFileReference; lastKnownFileType = sourcecode.swift; path = ArrayExtension.swift; sourceTree = "<group>"; };
		35182CBB2103D808009202A0 /* GameSceneViewController.swift */ = {isa = PBXFileReference; fileEncoding = 4; lastKnownFileType = sourcecode.swift; path = GameSceneViewController.swift; sourceTree = "<group>"; };
		35182CC22103F517009202A0 /* JSONProtocol.swift */ = {isa = PBXFileReference; lastKnownFileType = sourcecode.swift; path = JSONProtocol.swift; sourceTree = "<group>"; };
		35182CC42103F723009202A0 /* ColorExtension.swift */ = {isa = PBXFileReference; lastKnownFileType = sourcecode.swift; path = ColorExtension.swift; sourceTree = "<group>"; };
		35182CC72104C5B0009202A0 /* FileReader.swift */ = {isa = PBXFileReference; lastKnownFileType = sourcecode.swift; path = FileReader.swift; sourceTree = "<group>"; };
		35182CCA2104C70E009202A0 /* level1.json */ = {isa = PBXFileReference; lastKnownFileType = text.json; path = level1.json; sourceTree = "<group>"; };
		35182CCC2104E286009202A0 /* Level.swift */ = {isa = PBXFileReference; lastKnownFileType = sourcecode.swift; path = Level.swift; sourceTree = "<group>"; };
		35182CD221054B50009202A0 /* ParticleTests.swift */ = {isa = PBXFileReference; lastKnownFileType = sourcecode.swift; path = ParticleTests.swift; sourceTree = "<group>"; };
		35182CD421054CD7009202A0 /* LevelTests.swift */ = {isa = PBXFileReference; lastKnownFileType = sourcecode.swift; path = LevelTests.swift; sourceTree = "<group>"; };
		35182CDA210954F5009202A0 /* colorspinUtilitiesTests.xctest */ = {isa = PBXFileReference; explicitFileType = wrapper.cfbundle; includeInIndex = 0; path = colorspinUtilitiesTests.xctest; sourceTree = BUILT_PRODUCTS_DIR; };
		35182CE4210C9592009202A0 /* ColorExtensionTests.swift */ = {isa = PBXFileReference; lastKnownFileType = sourcecode.swift; path = ColorExtensionTests.swift; sourceTree = "<group>"; };
		35182CE6210C99A8009202A0 /* ParseError.swift */ = {isa = PBXFileReference; lastKnownFileType = sourcecode.swift; path = ParseError.swift; sourceTree = "<group>"; };
		35182CE8210C9DBE009202A0 /* ArrayExtensionTests.swift */ = {isa = PBXFileReference; lastKnownFileType = sourcecode.swift; path = ArrayExtensionTests.swift; sourceTree = "<group>"; };
		35182CEA210C9FD5009202A0 /* JSONProtocolTests.swift */ = {isa = PBXFileReference; lastKnownFileType = sourcecode.swift; path = JSONProtocolTests.swift; sourceTree = "<group>"; };
		35182CF0210CA6F0009202A0 /* colorspinViewsTests.xctest */ = {isa = PBXFileReference; explicitFileType = wrapper.cfbundle; includeInIndex = 0; path = colorspinViewsTests.xctest; sourceTree = BUILT_PRODUCTS_DIR; };
		35182CFA210CC80C009202A0 /* GameSceneTests.swift */ = {isa = PBXFileReference; lastKnownFileType = sourcecode.swift; path = GameSceneTests.swift; sourceTree = "<group>"; };
		35182CFC210CCDAB009202A0 /* TestHelper.swift */ = {isa = PBXFileReference; lastKnownFileType = sourcecode.swift; path = TestHelper.swift; sourceTree = "<group>"; };
		35182D06210CD280009202A0 /* level.json */ = {isa = PBXFileReference; lastKnownFileType = text.json; name = level.json; path = ../../ColorspinTests/Fixtures/level.json; sourceTree = "<group>"; };
		35EC08A920FAA5D60096CCC8 /* Colorspin.app */ = {isa = PBXFileReference; explicitFileType = wrapper.application; includeInIndex = 0; path = Colorspin.app; sourceTree = BUILT_PRODUCTS_DIR; };
		35EC08AC20FAA5D60096CCC8 /* AppDelegate.swift */ = {isa = PBXFileReference; lastKnownFileType = sourcecode.swift; path = AppDelegate.swift; sourceTree = "<group>"; };
		35EC08B220FAA5D60096CCC8 /* GameScene.swift */ = {isa = PBXFileReference; lastKnownFileType = sourcecode.swift; path = GameScene.swift; sourceTree = "<group>"; };
		35EC08B720FAA5D70096CCC8 /* Base */ = {isa = PBXFileReference; lastKnownFileType = file.storyboard; name = Base; path = Base.lproj/Main.storyboard; sourceTree = "<group>"; };
		35EC08B920FAA5D80096CCC8 /* Assets.xcassets */ = {isa = PBXFileReference; lastKnownFileType = folder.assetcatalog; path = Assets.xcassets; sourceTree = "<group>"; };
		35EC08BC20FAA5D80096CCC8 /* Base */ = {isa = PBXFileReference; lastKnownFileType = file.storyboard; name = Base; path = Base.lproj/LaunchScreen.storyboard; sourceTree = "<group>"; };
		35EC08BE20FAA5D80096CCC8 /* Info.plist */ = {isa = PBXFileReference; lastKnownFileType = text.plist.xml; path = Info.plist; sourceTree = "<group>"; };
		35EC08E720FBE0350096CCC8 /* Wheel.swift */ = {isa = PBXFileReference; lastKnownFileType = sourcecode.swift; path = Wheel.swift; sourceTree = "<group>"; };
		35EC08EF20FBE8180096CCC8 /* GameScene.sks */ = {isa = PBXFileReference; lastKnownFileType = file.sks; path = GameScene.sks; sourceTree = "<group>"; };
		35EC093820FBEE5C0096CCC8 /* Info.plist */ = {isa = PBXFileReference; lastKnownFileType = text.plist.xml; path = Info.plist; sourceTree = "<group>"; };
		35EC094C20FBEFA90096CCC8 /* WheelTests.swift */ = {isa = PBXFileReference; lastKnownFileType = sourcecode.swift; path = WheelTests.swift; sourceTree = "<group>"; };
		35EC09A620FC05320096CCC8 /* colorspinModelTests.xctest */ = {isa = PBXFileReference; explicitFileType = wrapper.cfbundle; includeInIndex = 0; path = colorspinModelTests.xctest; sourceTree = BUILT_PRODUCTS_DIR; };
/* End PBXFileReference section */

/* Begin PBXFrameworksBuildPhase section */
		35182CD7210954F5009202A0 /* Frameworks */ = {
			isa = PBXFrameworksBuildPhase;
			buildActionMask = 2147483647;
			files = (
			);
			runOnlyForDeploymentPostprocessing = 0;
		};
		35182CED210CA6F0009202A0 /* Frameworks */ = {
			isa = PBXFrameworksBuildPhase;
			buildActionMask = 2147483647;
			files = (
			);
			runOnlyForDeploymentPostprocessing = 0;
		};
		35EC08A620FAA5D60096CCC8 /* Frameworks */ = {
			isa = PBXFrameworksBuildPhase;
			buildActionMask = 2147483647;
			files = (
			);
			runOnlyForDeploymentPostprocessing = 0;
		};
		35EC09A320FC05320096CCC8 /* Frameworks */ = {
			isa = PBXFrameworksBuildPhase;
			buildActionMask = 2147483647;
			files = (
			);
			runOnlyForDeploymentPostprocessing = 0;
		};
/* End PBXFrameworksBuildPhase section */

/* Begin PBXGroup section */
		35182CB12103C373009202A0 /* Utilities */ = {
			isa = PBXGroup;
			children = (
				35182CB22103C37C009202A0 /* Extensions */,
				35182CC62104C5A4009202A0 /* Helpers */,
			);
			path = Utilities;
			sourceTree = "<group>";
		};
		35182CB22103C37C009202A0 /* Extensions */ = {
			isa = PBXGroup;
			children = (
				35182CB32103C390009202A0 /* ArrayExtension.swift */,
				35182CC42103F723009202A0 /* ColorExtension.swift */,
			);
			path = Extensions;
			sourceTree = "<group>";
		};
		35182CC12103F502009202A0 /* Protocols */ = {
			isa = PBXGroup;
			children = (
				35182CC22103F517009202A0 /* JSONProtocol.swift */,
			);
			path = Protocols;
			sourceTree = "<group>";
		};
		35182CC62104C5A4009202A0 /* Helpers */ = {
			isa = PBXGroup;
			children = (
				35182CC72104C5B0009202A0 /* FileReader.swift */,
				35182CE6210C99A8009202A0 /* ParseError.swift */,
			);
			path = Helpers;
			sourceTree = "<group>";
		};
		35182CC92104C6F6009202A0 /* Levels */ = {
			isa = PBXGroup;
			children = (
				35182CCA2104C70E009202A0 /* level1.json */,
			);
			path = Levels;
			sourceTree = "<group>";
		};
		35182CDB210954F6009202A0 /* colorspinUtilitiesTests */ = {
			isa = PBXGroup;
			children = (
				35182CE8210C9DBE009202A0 /* ArrayExtensionTests.swift */,
				35182CE4210C9592009202A0 /* ColorExtensionTests.swift */,
			);
			path = colorspinUtilitiesTests;
			sourceTree = "<group>";
		};
		35182CF1210CA6F0009202A0 /* colorspinViewsTests */ = {
			isa = PBXGroup;
			children = (
				35182CFA210CC80C009202A0 /* GameSceneTests.swift */,
			);
			path = colorspinViewsTests;
			sourceTree = "<group>";
		};
		35182D00210CCEB4009202A0 /* Fixtures */ = {
			isa = PBXGroup;
			children = (
				35182D06210CD280009202A0 /* level.json */,
			);
			name = Fixtures;
			path = ../ColorspinTests/Fixtures;
			sourceTree = "<group>";
		};
		35EC08A020FAA5D60096CCC8 = {
			isa = PBXGroup;
			children = (
				35EC08AB20FAA5D60096CCC8 /* Colorspin */,
				35EC093520FBEE5C0096CCC8 /* ColorspinTests */,
				35EC08AA20FAA5D60096CCC8 /* Products */,
			);
			sourceTree = "<group>";
		};
		35EC08AA20FAA5D60096CCC8 /* Products */ = {
			isa = PBXGroup;
			children = (
				35EC08A920FAA5D60096CCC8 /* Colorspin.app */,
				35EC09A620FC05320096CCC8 /* colorspinModelTests.xctest */,
				35182CDA210954F5009202A0 /* colorspinUtilitiesTests.xctest */,
				35182CF0210CA6F0009202A0 /* colorspinViewsTests.xctest */,
			);
			name = Products;
			sourceTree = "<group>";
		};
		35EC08AB20FAA5D60096CCC8 /* Colorspin */ = {
			isa = PBXGroup;
			children = (
				35EC08AC20FAA5D60096CCC8 /* AppDelegate.swift */,
				35EC08B920FAA5D80096CCC8 /* Assets.xcassets */,
				35182D00210CCEB4009202A0 /* Fixtures */,
				35EC08BE20FAA5D80096CCC8 /* Info.plist */,
				35EC08BB20FAA5D80096CCC8 /* LaunchScreen.storyboard */,
				35182CC92104C6F6009202A0 /* Levels */,
				35EC08B620FAA5D70096CCC8 /* Main.storyboard */,
				35EC08E220FBC0810096CCC8 /* Models */,
				35182CB12103C373009202A0 /* Utilities */,
				35EC08E020FBC0220096CCC8 /* Views */,
			);
			path = Colorspin;
			sourceTree = "<group>";
		};
		35EC08E020FBC0220096CCC8 /* Views */ = {
			isa = PBXGroup;
			children = (
				35EC08E120FBC0570096CCC8 /* GameScene */,
			);
			path = Views;
			sourceTree = "<group>";
		};
		35EC08E120FBC0570096CCC8 /* GameScene */ = {
			isa = PBXGroup;
			children = (
				35EC08EF20FBE8180096CCC8 /* GameScene.sks */,
				35EC08B220FAA5D60096CCC8 /* GameScene.swift */,
				35182CBB2103D808009202A0 /* GameSceneViewController.swift */,
			);
			path = GameScene;
			sourceTree = "<group>";
		};
		35EC08E220FBC0810096CCC8 /* Models */ = {
			isa = PBXGroup;
			children = (
				35182CC12103F502009202A0 /* Protocols */,
				35182CCC2104E286009202A0 /* Level.swift */,
				35182CAD20FC1630009202A0 /* Particle.swift */,
				35EC08E720FBE0350096CCC8 /* Wheel.swift */,
			);
			path = Models;
			sourceTree = "<group>";
		};
		35EC093520FBEE5C0096CCC8 /* ColorspinTests */ = {
			isa = PBXGroup;
			children = (
				35EC094320FBEF0B0096CCC8 /* colorspinModelTests */,
				35182CDB210954F6009202A0 /* colorspinUtilitiesTests */,
				35182CF1210CA6F0009202A0 /* colorspinViewsTests */,
				35EC093820FBEE5C0096CCC8 /* Info.plist */,
				35182CFC210CCDAB009202A0 /* TestHelper.swift */,
			);
			path = ColorspinTests;
			sourceTree = "<group>";
		};
		35EC094320FBEF0B0096CCC8 /* colorspinModelTests */ = {
			isa = PBXGroup;
			children = (
				35182CEA210C9FD5009202A0 /* JSONProtocolTests.swift */,
				35182CD421054CD7009202A0 /* LevelTests.swift */,
				35182CD221054B50009202A0 /* ParticleTests.swift */,
				35EC094C20FBEFA90096CCC8 /* WheelTests.swift */,
			);
			path = colorspinModelTests;
			sourceTree = "<group>";
		};
/* End PBXGroup section */

/* Begin PBXNativeTarget section */
		35182CD9210954F5009202A0 /* colorspinUtilitiesTests */ = {
			isa = PBXNativeTarget;
			buildConfigurationList = 35182CE3210954F6009202A0 /* Build configuration list for PBXNativeTarget "colorspinUtilitiesTests" */;
			buildPhases = (
				35182CD6210954F5009202A0 /* Sources */,
				35182CD7210954F5009202A0 /* Frameworks */,
				35182CD8210954F5009202A0 /* Resources */,
			);
			buildRules = (
			);
			dependencies = (
				35182CE0210954F6009202A0 /* PBXTargetDependency */,
			);
			name = colorspinUtilitiesTests;
			productName = colorspinUtilitiesTests;
			productReference = 35182CDA210954F5009202A0 /* colorspinUtilitiesTests.xctest */;
			productType = "com.apple.product-type.bundle.unit-test";
		};
		35182CEF210CA6F0009202A0 /* colorspinViewsTests */ = {
			isa = PBXNativeTarget;
			buildConfigurationList = 35182CF7210CA6F0009202A0 /* Build configuration list for PBXNativeTarget "colorspinViewsTests" */;
			buildPhases = (
				35182CEC210CA6F0009202A0 /* Sources */,
				35182CED210CA6F0009202A0 /* Frameworks */,
				35182CEE210CA6F0009202A0 /* Resources */,
			);
			buildRules = (
			);
			dependencies = (
				35182CF6210CA6F0009202A0 /* PBXTargetDependency */,
			);
			name = colorspinViewsTests;
			productName = colorspinViewsTests;
			productReference = 35182CF0210CA6F0009202A0 /* colorspinViewsTests.xctest */;
			productType = "com.apple.product-type.bundle.unit-test";
		};
		35EC08A820FAA5D60096CCC8 /* Colorspin */ = {
			isa = PBXNativeTarget;
			buildConfigurationList = 35EC08D720FAA5D80096CCC8 /* Build configuration list for PBXNativeTarget "Colorspin" */;
			buildPhases = (
				35EC08A520FAA5D60096CCC8 /* Sources */,
				35EC08A620FAA5D60096CCC8 /* Frameworks */,
				35EC08A720FAA5D60096CCC8 /* Resources */,
			);
			buildRules = (
			);
			dependencies = (
			);
			name = Colorspin;
			productName = Colorspin;
			productReference = 35EC08A920FAA5D60096CCC8 /* Colorspin.app */;
			productType = "com.apple.product-type.application";
		};
		35EC09A520FC05320096CCC8 /* colorspinModelTests */ = {
			isa = PBXNativeTarget;
			buildConfigurationList = 35EC09AD20FC05320096CCC8 /* Build configuration list for PBXNativeTarget "colorspinModelTests" */;
			buildPhases = (
				35EC09A220FC05320096CCC8 /* Sources */,
				35EC09A320FC05320096CCC8 /* Frameworks */,
				35EC09A420FC05320096CCC8 /* Resources */,
			);
			buildRules = (
			);
			dependencies = (
				35EC09AC20FC05320096CCC8 /* PBXTargetDependency */,
			);
			name = colorspinModelTests;
			productName = ColorspinTests;
			productReference = 35EC09A620FC05320096CCC8 /* colorspinModelTests.xctest */;
			productType = "com.apple.product-type.bundle.unit-test";
		};
/* End PBXNativeTarget section */

/* Begin PBXProject section */
		35EC08A120FAA5D60096CCC8 /* Project object */ = {
			isa = PBXProject;
			attributes = {
				LastSwiftUpdateCheck = 0940;
				LastUpgradeCheck = 0940;
				ORGANIZATIONNAME = "Anand Kumar";
				TargetAttributes = {
					35182CD9210954F5009202A0 = {
						CreatedOnToolsVersion = 9.4.1;
						TestTargetID = 35EC08A820FAA5D60096CCC8;
					};
					35182CEF210CA6F0009202A0 = {
						CreatedOnToolsVersion = 9.4.1;
						LastSwiftMigration = 0940;
						TestTargetID = 35EC08A820FAA5D60096CCC8;
					};
					35EC08A820FAA5D60096CCC8 = {
						CreatedOnToolsVersion = 9.4.1;
					};
					35EC09A520FC05320096CCC8 = {
						CreatedOnToolsVersion = 9.4.1;
						TestTargetID = 35EC08A820FAA5D60096CCC8;
					};
				};
			};
			buildConfigurationList = 35EC08A420FAA5D60096CCC8 /* Build configuration list for PBXProject "Colorspin" */;
			compatibilityVersion = "Xcode 9.3";
			developmentRegion = en;
			hasScannedForEncodings = 0;
			knownRegions = (
				en,
				Base,
			);
			mainGroup = 35EC08A020FAA5D60096CCC8;
			productRefGroup = 35EC08AA20FAA5D60096CCC8 /* Products */;
			projectDirPath = "";
			projectRoot = "";
			targets = (
				35EC08A820FAA5D60096CCC8 /* Colorspin */,
				35EC09A520FC05320096CCC8 /* colorspinModelTests */,
				35182CD9210954F5009202A0 /* colorspinUtilitiesTests */,
				35182CEF210CA6F0009202A0 /* colorspinViewsTests */,
			);
		};
/* End PBXProject section */

/* Begin PBXResourcesBuildPhase section */
		35182CD8210954F5009202A0 /* Resources */ = {
			isa = PBXResourcesBuildPhase;
			buildActionMask = 2147483647;
			files = (
			);
			runOnlyForDeploymentPostprocessing = 0;
		};
		35182CEE210CA6F0009202A0 /* Resources */ = {
			isa = PBXResourcesBuildPhase;
			buildActionMask = 2147483647;
			files = (
			);
			runOnlyForDeploymentPostprocessing = 0;
		};
		35EC08A720FAA5D60096CCC8 /* Resources */ = {
			isa = PBXResourcesBuildPhase;
			buildActionMask = 2147483647;
			files = (
				35EC08F020FBE8180096CCC8 /* GameScene.sks in Resources */,
				35EC08B820FAA5D70096CCC8 /* Main.storyboard in Resources */,
				35EC08BA20FAA5D80096CCC8 /* Assets.xcassets in Resources */,
				35182CCB2104C70E009202A0 /* level1.json in Resources */,
				35182D07210CD280009202A0 /* level.json in Resources */,
				35EC08BD20FAA5D80096CCC8 /* LaunchScreen.storyboard in Resources */,
			);
			runOnlyForDeploymentPostprocessing = 0;
		};
		35EC09A420FC05320096CCC8 /* Resources */ = {
			isa = PBXResourcesBuildPhase;
			buildActionMask = 2147483647;
			files = (
			);
			runOnlyForDeploymentPostprocessing = 0;
		};
/* End PBXResourcesBuildPhase section */

/* Begin PBXSourcesBuildPhase section */
		35182CD6210954F5009202A0 /* Sources */ = {
			isa = PBXSourcesBuildPhase;
			buildActionMask = 2147483647;
			files = (
				35182CE5210C9592009202A0 /* ColorExtensionTests.swift in Sources */,
				35182CFE210CCDAB009202A0 /* TestHelper.swift in Sources */,
				35182CE9210C9DBE009202A0 /* ArrayExtensionTests.swift in Sources */,
			);
			runOnlyForDeploymentPostprocessing = 0;
		};
		35182CEC210CA6F0009202A0 /* Sources */ = {
			isa = PBXSourcesBuildPhase;
			buildActionMask = 2147483647;
			files = (
				35182CFB210CC80C009202A0 /* GameSceneTests.swift in Sources */,
				35182CFF210CCDAB009202A0 /* TestHelper.swift in Sources */,
			);
			runOnlyForDeploymentPostprocessing = 0;
		};
		35EC08A520FAA5D60096CCC8 /* Sources */ = {
			isa = PBXSourcesBuildPhase;
			buildActionMask = 2147483647;
			files = (
				35EC08B320FAA5D60096CCC8 /* GameScene.swift in Sources */,
				35182CCD2104E286009202A0 /* Level.swift in Sources */,
				35182CC32103F517009202A0 /* JSONProtocol.swift in Sources */,
				35182CC52103F723009202A0 /* ColorExtension.swift in Sources */,
				35182CAE20FC1630009202A0 /* Particle.swift in Sources */,
				35EC08AD20FAA5D60096CCC8 /* AppDelegate.swift in Sources */,
				35182CC82104C5B0009202A0 /* FileReader.swift in Sources */,
				35182CE7210C99A8009202A0 /* ParseError.swift in Sources */,
				35EC08E820FBE0350096CCC8 /* Wheel.swift in Sources */,
				35182CB42103C390009202A0 /* ArrayExtension.swift in Sources */,
				35182CBC2103D808009202A0 /* GameSceneViewController.swift in Sources */,
			);
			runOnlyForDeploymentPostprocessing = 0;
		};
		35EC09A220FC05320096CCC8 /* Sources */ = {
			isa = PBXSourcesBuildPhase;
			buildActionMask = 2147483647;
			files = (
				35182CFD210CCDAB009202A0 /* TestHelper.swift in Sources */,
				35182CA920FC065F009202A0 /* WheelTests.swift in Sources */,
				35182CEB210C9FD5009202A0 /* JSONProtocolTests.swift in Sources */,
				35182CD321054B50009202A0 /* ParticleTests.swift in Sources */,
				35182CD521054CD7009202A0 /* LevelTests.swift in Sources */,
			);
			runOnlyForDeploymentPostprocessing = 0;
		};
/* End PBXSourcesBuildPhase section */

/* Begin PBXTargetDependency section */
		35182CE0210954F6009202A0 /* PBXTargetDependency */ = {
			isa = PBXTargetDependency;
			target = 35EC08A820FAA5D60096CCC8 /* Colorspin */;
			targetProxy = 35182CDF210954F6009202A0 /* PBXContainerItemProxy */;
		};
		35182CF6210CA6F0009202A0 /* PBXTargetDependency */ = {
			isa = PBXTargetDependency;
			target = 35EC08A820FAA5D60096CCC8 /* Colorspin */;
			targetProxy = 35182CF5210CA6F0009202A0 /* PBXContainerItemProxy */;
		};
		35EC09AC20FC05320096CCC8 /* PBXTargetDependency */ = {
			isa = PBXTargetDependency;
			target = 35EC08A820FAA5D60096CCC8 /* Colorspin */;
			targetProxy = 35EC09AB20FC05320096CCC8 /* PBXContainerItemProxy */;
		};
/* End PBXTargetDependency section */

/* Begin PBXVariantGroup section */
		35EC08B620FAA5D70096CCC8 /* Main.storyboard */ = {
			isa = PBXVariantGroup;
			children = (
				35EC08B720FAA5D70096CCC8 /* Base */,
			);
			name = Main.storyboard;
			sourceTree = "<group>";
		};
		35EC08BB20FAA5D80096CCC8 /* LaunchScreen.storyboard */ = {
			isa = PBXVariantGroup;
			children = (
				35EC08BC20FAA5D80096CCC8 /* Base */,
			);
			name = LaunchScreen.storyboard;
			sourceTree = "<group>";
		};
/* End PBXVariantGroup section */

/* Begin XCBuildConfiguration section */
		35182CE1210954F6009202A0 /* Debug */ = {
			isa = XCBuildConfiguration;
			buildSettings = {
				BUNDLE_LOADER = "$(TEST_HOST)";
				CODE_SIGN_STYLE = Automatic;
				DEVELOPMENT_TEAM = PK94RJWMB9;
				INFOPLIST_FILE = ColorspinTests/Info.plist;
				LD_RUNPATH_SEARCH_PATHS = (
					"$(inherited)",
					"@executable_path/Frameworks",
					"@loader_path/Frameworks",
				);
				PRODUCT_BUNDLE_IDENTIFIER = me.anand.ColorspinTests;
				PRODUCT_NAME = "$(TARGET_NAME)";
				SWIFT_VERSION = 4.0;
				TARGETED_DEVICE_FAMILY = "1,2";
				TEST_HOST = "$(BUILT_PRODUCTS_DIR)/Colorspin.app/Colorspin";
			};
			name = Debug;
		};
		35182CE2210954F6009202A0 /* Release */ = {
			isa = XCBuildConfiguration;
			buildSettings = {
				BUNDLE_LOADER = "$(TEST_HOST)";
				CODE_SIGN_STYLE = Automatic;
				DEVELOPMENT_TEAM = PK94RJWMB9;
				INFOPLIST_FILE = ColorspinTests/Info.plist;
				LD_RUNPATH_SEARCH_PATHS = (
					"$(inherited)",
					"@executable_path/Frameworks",
					"@loader_path/Frameworks",
				);
				PRODUCT_BUNDLE_IDENTIFIER = me.anand.ColorspinTests;
				PRODUCT_NAME = "$(TARGET_NAME)";
				SWIFT_VERSION = 4.0;
				TARGETED_DEVICE_FAMILY = "1,2";
				TEST_HOST = "$(BUILT_PRODUCTS_DIR)/Colorspin.app/Colorspin";
			};
			name = Release;
		};
		35182CF8210CA6F0009202A0 /* Debug */ = {
			isa = XCBuildConfiguration;
			buildSettings = {
				BUNDLE_LOADER = "$(TEST_HOST)";
				CLANG_ENABLE_MODULES = YES;
				CODE_SIGN_STYLE = Automatic;
				DEVELOPMENT_TEAM = PK94RJWMB9;
				INFOPLIST_FILE = ColorspinTests/Info.plist;
				LD_RUNPATH_SEARCH_PATHS = (
					"$(inherited)",
					"@executable_path/Frameworks",
					"@loader_path/Frameworks",
				);
				PRODUCT_BUNDLE_IDENTIFIER = me.anand.colorspinViewsTests;
				PRODUCT_NAME = "$(TARGET_NAME)";
				SWIFT_OPTIMIZATION_LEVEL = "-Onone";
				SWIFT_VERSION = 4.0;
				TARGETED_DEVICE_FAMILY = "1,2";
				TEST_HOST = "$(BUILT_PRODUCTS_DIR)/Colorspin.app/Colorspin";
			};
			name = Debug;
		};
		35182CF9210CA6F0009202A0 /* Release */ = {
			isa = XCBuildConfiguration;
			buildSettings = {
				BUNDLE_LOADER = "$(TEST_HOST)";
				CLANG_ENABLE_MODULES = YES;
				CODE_SIGN_STYLE = Automatic;
				DEVELOPMENT_TEAM = PK94RJWMB9;
				INFOPLIST_FILE = ColorspinTests/Info.plist;
				LD_RUNPATH_SEARCH_PATHS = (
					"$(inherited)",
					"@executable_path/Frameworks",
					"@loader_path/Frameworks",
				);
				PRODUCT_BUNDLE_IDENTIFIER = me.anand.colorspinViewsTests;
				PRODUCT_NAME = "$(TARGET_NAME)";
				SWIFT_VERSION = 4.0;
				TARGETED_DEVICE_FAMILY = "1,2";
				TEST_HOST = "$(BUILT_PRODUCTS_DIR)/Colorspin.app/Colorspin";
			};
			name = Release;
		};
		35EC08D520FAA5D80096CCC8 /* Debug */ = {
			isa = XCBuildConfiguration;
			buildSettings = {
				ALWAYS_SEARCH_USER_PATHS = NO;
				CLANG_ANALYZER_NONNULL = YES;
				CLANG_ANALYZER_NUMBER_OBJECT_CONVERSION = YES_AGGRESSIVE;
				CLANG_CXX_LANGUAGE_STANDARD = "gnu++14";
				CLANG_CXX_LIBRARY = "libc++";
				CLANG_ENABLE_MODULES = YES;
				CLANG_ENABLE_OBJC_ARC = YES;
				CLANG_ENABLE_OBJC_WEAK = YES;
				CLANG_WARN_BLOCK_CAPTURE_AUTORELEASING = YES;
				CLANG_WARN_BOOL_CONVERSION = YES;
				CLANG_WARN_COMMA = YES;
				CLANG_WARN_CONSTANT_CONVERSION = YES;
				CLANG_WARN_DEPRECATED_OBJC_IMPLEMENTATIONS = YES;
				CLANG_WARN_DIRECT_OBJC_ISA_USAGE = YES_ERROR;
				CLANG_WARN_DOCUMENTATION_COMMENTS = YES;
				CLANG_WARN_EMPTY_BODY = YES;
				CLANG_WARN_ENUM_CONVERSION = YES;
				CLANG_WARN_INFINITE_RECURSION = YES;
				CLANG_WARN_INT_CONVERSION = YES;
				CLANG_WARN_NON_LITERAL_NULL_CONVERSION = YES;
				CLANG_WARN_OBJC_IMPLICIT_RETAIN_SELF = YES;
				CLANG_WARN_OBJC_LITERAL_CONVERSION = YES;
				CLANG_WARN_OBJC_ROOT_CLASS = YES_ERROR;
				CLANG_WARN_RANGE_LOOP_ANALYSIS = YES;
				CLANG_WARN_STRICT_PROTOTYPES = YES;
				CLANG_WARN_SUSPICIOUS_MOVE = YES;
				CLANG_WARN_UNGUARDED_AVAILABILITY = YES_AGGRESSIVE;
				CLANG_WARN_UNREACHABLE_CODE = YES;
				CLANG_WARN__DUPLICATE_METHOD_MATCH = YES;
				CODE_SIGN_IDENTITY = "iPhone Developer";
				COPY_PHASE_STRIP = NO;
				DEBUG_INFORMATION_FORMAT = dwarf;
				ENABLE_STRICT_OBJC_MSGSEND = YES;
				ENABLE_TESTABILITY = YES;
				GCC_C_LANGUAGE_STANDARD = gnu11;
				GCC_DYNAMIC_NO_PIC = NO;
				GCC_NO_COMMON_BLOCKS = YES;
				GCC_OPTIMIZATION_LEVEL = 0;
				GCC_PREPROCESSOR_DEFINITIONS = (
					"DEBUG=1",
					"$(inherited)",
				);
				GCC_WARN_64_TO_32_BIT_CONVERSION = YES;
				GCC_WARN_ABOUT_RETURN_TYPE = YES_ERROR;
				GCC_WARN_UNDECLARED_SELECTOR = YES;
				GCC_WARN_UNINITIALIZED_AUTOS = YES_AGGRESSIVE;
				GCC_WARN_UNUSED_FUNCTION = YES;
				GCC_WARN_UNUSED_VARIABLE = YES;
				IPHONEOS_DEPLOYMENT_TARGET = 11.4;
				MTL_ENABLE_DEBUG_INFO = YES;
				ONLY_ACTIVE_ARCH = YES;
				SDKROOT = iphoneos;
				SWIFT_ACTIVE_COMPILATION_CONDITIONS = DEBUG;
				SWIFT_OPTIMIZATION_LEVEL = "-Onone";
				SWIFT_VERSION = 4.0;
			};
			name = Debug;
		};
		35EC08D620FAA5D80096CCC8 /* Release */ = {
			isa = XCBuildConfiguration;
			buildSettings = {
				ALWAYS_SEARCH_USER_PATHS = NO;
				CLANG_ANALYZER_NONNULL = YES;
				CLANG_ANALYZER_NUMBER_OBJECT_CONVERSION = YES_AGGRESSIVE;
				CLANG_CXX_LANGUAGE_STANDARD = "gnu++14";
				CLANG_CXX_LIBRARY = "libc++";
				CLANG_ENABLE_MODULES = YES;
				CLANG_ENABLE_OBJC_ARC = YES;
				CLANG_ENABLE_OBJC_WEAK = YES;
				CLANG_WARN_BLOCK_CAPTURE_AUTORELEASING = YES;
				CLANG_WARN_BOOL_CONVERSION = YES;
				CLANG_WARN_COMMA = YES;
				CLANG_WARN_CONSTANT_CONVERSION = YES;
				CLANG_WARN_DEPRECATED_OBJC_IMPLEMENTATIONS = YES;
				CLANG_WARN_DIRECT_OBJC_ISA_USAGE = YES_ERROR;
				CLANG_WARN_DOCUMENTATION_COMMENTS = YES;
				CLANG_WARN_EMPTY_BODY = YES;
				CLANG_WARN_ENUM_CONVERSION = YES;
				CLANG_WARN_INFINITE_RECURSION = YES;
				CLANG_WARN_INT_CONVERSION = YES;
				CLANG_WARN_NON_LITERAL_NULL_CONVERSION = YES;
				CLANG_WARN_OBJC_IMPLICIT_RETAIN_SELF = YES;
				CLANG_WARN_OBJC_LITERAL_CONVERSION = YES;
				CLANG_WARN_OBJC_ROOT_CLASS = YES_ERROR;
				CLANG_WARN_RANGE_LOOP_ANALYSIS = YES;
				CLANG_WARN_STRICT_PROTOTYPES = YES;
				CLANG_WARN_SUSPICIOUS_MOVE = YES;
				CLANG_WARN_UNGUARDED_AVAILABILITY = YES_AGGRESSIVE;
				CLANG_WARN_UNREACHABLE_CODE = YES;
				CLANG_WARN__DUPLICATE_METHOD_MATCH = YES;
				CODE_SIGN_IDENTITY = "iPhone Developer";
				COPY_PHASE_STRIP = NO;
				DEBUG_INFORMATION_FORMAT = "dwarf-with-dsym";
				ENABLE_NS_ASSERTIONS = NO;
				ENABLE_STRICT_OBJC_MSGSEND = YES;
				GCC_C_LANGUAGE_STANDARD = gnu11;
				GCC_NO_COMMON_BLOCKS = YES;
				GCC_WARN_64_TO_32_BIT_CONVERSION = YES;
				GCC_WARN_ABOUT_RETURN_TYPE = YES_ERROR;
				GCC_WARN_UNDECLARED_SELECTOR = YES;
				GCC_WARN_UNINITIALIZED_AUTOS = YES_AGGRESSIVE;
				GCC_WARN_UNUSED_FUNCTION = YES;
				GCC_WARN_UNUSED_VARIABLE = YES;
				IPHONEOS_DEPLOYMENT_TARGET = 11.4;
				MTL_ENABLE_DEBUG_INFO = NO;
				SDKROOT = iphoneos;
				SWIFT_COMPILATION_MODE = wholemodule;
				SWIFT_OPTIMIZATION_LEVEL = "-O";
				SWIFT_VERSION = 4.0;
				VALIDATE_PRODUCT = YES;
			};
			name = Release;
		};
		35EC08D820FAA5D80096CCC8 /* Debug */ = {
			isa = XCBuildConfiguration;
			buildSettings = {
				ASSETCATALOG_COMPILER_APPICON_NAME = AppIcon;
				CODE_SIGN_STYLE = Automatic;
				DEVELOPMENT_TEAM = PK94RJWMB9;
				INFOPLIST_FILE = Colorspin/Info.plist;
				LD_RUNPATH_SEARCH_PATHS = (
					"$(inherited)",
					"@executable_path/Frameworks",
				);
				PRODUCT_BUNDLE_IDENTIFIER = me.anand.Colorspin;
				PRODUCT_NAME = "$(TARGET_NAME)";
				SWIFT_VERSION = 4.0;
				TARGETED_DEVICE_FAMILY = "1,2";
			};
			name = Debug;
		};
		35EC08D920FAA5D80096CCC8 /* Release */ = {
			isa = XCBuildConfiguration;
			buildSettings = {
				ASSETCATALOG_COMPILER_APPICON_NAME = AppIcon;
				CODE_SIGN_STYLE = Automatic;
				DEVELOPMENT_TEAM = PK94RJWMB9;
				INFOPLIST_FILE = Colorspin/Info.plist;
				LD_RUNPATH_SEARCH_PATHS = (
					"$(inherited)",
					"@executable_path/Frameworks",
				);
				PRODUCT_BUNDLE_IDENTIFIER = me.anand.Colorspin;
				PRODUCT_NAME = "$(TARGET_NAME)";
				SWIFT_VERSION = 4.0;
				TARGETED_DEVICE_FAMILY = "1,2";
			};
			name = Release;
		};
		35EC09AE20FC05320096CCC8 /* Debug */ = {
			isa = XCBuildConfiguration;
			buildSettings = {
				BUNDLE_LOADER = "$(TEST_HOST)";
				CODE_SIGN_STYLE = Automatic;
				DEVELOPMENT_TEAM = PK94RJWMB9;
				INFOPLIST_FILE = ColorspinTests/Info.plist;
				LD_RUNPATH_SEARCH_PATHS = (
					"$(inherited)",
					"@executable_path/Frameworks",
					"@loader_path/Frameworks",
				);
				PRODUCT_BUNDLE_IDENTIFIER = me.anand.ColorspinTests;
				PRODUCT_NAME = "$(TARGET_NAME)";
				SWIFT_VERSION = 4.0;
				TARGETED_DEVICE_FAMILY = "1,2";
				TEST_HOST = "$(BUILT_PRODUCTS_DIR)/Colorspin.app/Colorspin";
			};
			name = Debug;
		};
		35EC09AF20FC05320096CCC8 /* Release */ = {
			isa = XCBuildConfiguration;
			buildSettings = {
				BUNDLE_LOADER = "$(TEST_HOST)";
				CODE_SIGN_STYLE = Automatic;
				DEVELOPMENT_TEAM = PK94RJWMB9;
				INFOPLIST_FILE = ColorspinTests/Info.plist;
				LD_RUNPATH_SEARCH_PATHS = (
					"$(inherited)",
					"@executable_path/Frameworks",
					"@loader_path/Frameworks",
				);
				PRODUCT_BUNDLE_IDENTIFIER = me.anand.ColorspinTests;
				PRODUCT_NAME = "$(TARGET_NAME)";
				SWIFT_VERSION = 4.0;
				TARGETED_DEVICE_FAMILY = "1,2";
				TEST_HOST = "$(BUILT_PRODUCTS_DIR)/Colorspin.app/Colorspin";
			};
			name = Release;
		};
/* End XCBuildConfiguration section */

/* Begin XCConfigurationList section */
		35182CE3210954F6009202A0 /* Build configuration list for PBXNativeTarget "colorspinUtilitiesTests" */ = {
			isa = XCConfigurationList;
			buildConfigurations = (
				35182CE1210954F6009202A0 /* Debug */,
				35182CE2210954F6009202A0 /* Release */,
			);
			defaultConfigurationIsVisible = 0;
			defaultConfigurationName = Release;
		};
		35182CF7210CA6F0009202A0 /* Build configuration list for PBXNativeTarget "colorspinViewsTests" */ = {
			isa = XCConfigurationList;
			buildConfigurations = (
				35182CF8210CA6F0009202A0 /* Debug */,
				35182CF9210CA6F0009202A0 /* Release */,
			);
			defaultConfigurationIsVisible = 0;
			defaultConfigurationName = Release;
		};
		35EC08A420FAA5D60096CCC8 /* Build configuration list for PBXProject "Colorspin" */ = {
			isa = XCConfigurationList;
			buildConfigurations = (
				35EC08D520FAA5D80096CCC8 /* Debug */,
				35EC08D620FAA5D80096CCC8 /* Release */,
			);
			defaultConfigurationIsVisible = 0;
			defaultConfigurationName = Release;
		};
		35EC08D720FAA5D80096CCC8 /* Build configuration list for PBXNativeTarget "Colorspin" */ = {
			isa = XCConfigurationList;
			buildConfigurations = (
				35EC08D820FAA5D80096CCC8 /* Debug */,
				35EC08D920FAA5D80096CCC8 /* Release */,
			);
			defaultConfigurationIsVisible = 0;
			defaultConfigurationName = Release;
		};
		35EC09AD20FC05320096CCC8 /* Build configuration list for PBXNativeTarget "colorspinModelTests" */ = {
			isa = XCConfigurationList;
			buildConfigurations = (
				35EC09AE20FC05320096CCC8 /* Debug */,
				35EC09AF20FC05320096CCC8 /* Release */,
			);
			defaultConfigurationIsVisible = 0;
			defaultConfigurationName = Release;
		};
/* End XCConfigurationList section */
	};
	rootObject = 35EC08A120FAA5D60096CCC8 /* Project object */;
}
